// !$*UTF8*$!
{
	archiveVersion = 1;
	classes = {
	};
	objectVersion = 46;
	objects = {

/* Begin PBXBuildFile section */
		EF39A8A91E5E052500B186F6 /* main.m in Sources */ = {isa = PBXBuildFile; fileRef = EF39A8A81E5E052500B186F6 /* main.m */; };
		EF39A8AC1E5E052500B186F6 /* AppDelegate.m in Sources */ = {isa = PBXBuildFile; fileRef = EF39A8AB1E5E052500B186F6 /* AppDelegate.m */; };
		EF39A8B21E5E052500B186F6 /* Main.storyboard in Resources */ = {isa = PBXBuildFile; fileRef = EF39A8B01E5E052500B186F6 /* Main.storyboard */; };
		EF39A8B51E5E052500B186F6 /* Acronym.xcdatamodeld in Sources */ = {isa = PBXBuildFile; fileRef = EF39A8B31E5E052500B186F6 /* Acronym.xcdatamodeld */; };
		EF39A8B71E5E052500B186F6 /* Assets.xcassets in Resources */ = {isa = PBXBuildFile; fileRef = EF39A8B61E5E052500B186F6 /* Assets.xcassets */; };
		EF39A8BA1E5E052500B186F6 /* LaunchScreen.storyboard in Resources */ = {isa = PBXBuildFile; fileRef = EF39A8B81E5E052500B186F6 /* LaunchScreen.storyboard */; };
		EF39A8C91E5E15D900B186F6 /* AcronymViewController.m in Sources */ = {isa = PBXBuildFile; fileRef = EF39A8C71E5E15D900B186F6 /* AcronymViewController.m */; };
		EF39A8CA1E5E15D900B186F6 /* AcronymViewController.xib in Resources */ = {isa = PBXBuildFile; fileRef = EF39A8C81E5E15D900B186F6 /* AcronymViewController.xib */; };
		EF39A8D91E5E267700B186F6 /* AcronymNetworkEngine.m in Sources */ = {isa = PBXBuildFile; fileRef = EF39A8D81E5E267700B186F6 /* AcronymNetworkEngine.m */; };
		EF39A8E41E60840300B186F6 /* ANetworkOperation.m in Sources */ = {isa = PBXBuildFile; fileRef = EF39A8E31E60840300B186F6 /* ANetworkOperation.m */; };
		EF39A8F11E6093D000B186F6 /* ResponseModel.m in Sources */ = {isa = PBXBuildFile; fileRef = EF39A8F01E6093D000B186F6 /* ResponseModel.m */; };
/* End PBXBuildFile section */

/* Begin PBXFileReference section */
		EF39A8A41E5E052500B186F6 /* Acronym.app */ = {isa = PBXFileReference; explicitFileType = wrapper.application; includeInIndex = 0; path = Acronym.app; sourceTree = BUILT_PRODUCTS_DIR; };
		EF39A8A81E5E052500B186F6 /* main.m */ = {isa = PBXFileReference; lastKnownFileType = sourcecode.c.objc; path = main.m; sourceTree = "<group>"; };
		EF39A8AA1E5E052500B186F6 /* AppDelegate.h */ = {isa = PBXFileReference; lastKnownFileType = sourcecode.c.h; path = AppDelegate.h; sourceTree = "<group>"; };
		EF39A8AB1E5E052500B186F6 /* AppDelegate.m */ = {isa = PBXFileReference; lastKnownFileType = sourcecode.c.objc; path = AppDelegate.m; sourceTree = "<group>"; };
		EF39A8B11E5E052500B186F6 /* Base */ = {isa = PBXFileReference; lastKnownFileType = file.storyboard; name = Base; path = Base.lproj/Main.storyboard; sourceTree = "<group>"; };
		EF39A8B41E5E052500B186F6 /* Acronym.xcdatamodel */ = {isa = PBXFileReference; lastKnownFileType = wrapper.xcdatamodel; path = Acronym.xcdatamodel; sourceTree = "<group>"; };
		EF39A8B61E5E052500B186F6 /* Assets.xcassets */ = {isa = PBXFileReference; lastKnownFileType = folder.assetcatalog; path = Assets.xcassets; sourceTree = "<group>"; };
		EF39A8B91E5E052500B186F6 /* Base */ = {isa = PBXFileReference; lastKnownFileType = file.storyboard; name = Base; path = Base.lproj/LaunchScreen.storyboard; sourceTree = "<group>"; };
		EF39A8BB1E5E052500B186F6 /* Info.plist */ = {isa = PBXFileReference; lastKnownFileType = text.plist.xml; path = Info.plist; sourceTree = "<group>"; };
		EF39A8C61E5E15D900B186F6 /* AcronymViewController.h */ = {isa = PBXFileReference; fileEncoding = 4; lastKnownFileType = sourcecode.c.h; path = AcronymViewController.h; sourceTree = "<group>"; };
		EF39A8C71E5E15D900B186F6 /* AcronymViewController.m */ = {isa = PBXFileReference; fileEncoding = 4; lastKnownFileType = sourcecode.c.objc; path = AcronymViewController.m; sourceTree = "<group>"; };
		EF39A8C81E5E15D900B186F6 /* AcronymViewController.xib */ = {isa = PBXFileReference; fileEncoding = 4; lastKnownFileType = file.xib; path = AcronymViewController.xib; sourceTree = "<group>"; };
		EF39A8D71E5E267700B186F6 /* AcronymNetworkEngine.h */ = {isa = PBXFileReference; fileEncoding = 4; lastKnownFileType = sourcecode.c.h; name = AcronymNetworkEngine.h; path = ../AcronymNetworkEngine.h; sourceTree = "<group>"; };
		EF39A8D81E5E267700B186F6 /* AcronymNetworkEngine.m */ = {isa = PBXFileReference; fileEncoding = 4; lastKnownFileType = sourcecode.c.objc; name = AcronymNetworkEngine.m; path = ../AcronymNetworkEngine.m; sourceTree = "<group>"; };
		EF39A8E21E60840300B186F6 /* ANetworkOperation.h */ = {isa = PBXFileReference; fileEncoding = 4; lastKnownFileType = sourcecode.c.h; name = ANetworkOperation.h; path = ../ANetworkOperation.h; sourceTree = "<group>"; };
		EF39A8E31E60840300B186F6 /* ANetworkOperation.m */ = {isa = PBXFileReference; fileEncoding = 4; lastKnownFileType = sourcecode.c.objc; name = ANetworkOperation.m; path = ../ANetworkOperation.m; sourceTree = "<group>"; };
		EF39A8EF1E6093D000B186F6 /* ResponseModel.h */ = {isa = PBXFileReference; fileEncoding = 4; lastKnownFileType = sourcecode.c.h; name = ResponseModel.h; path = Acronym/ResponseModel.h; sourceTree = "<group>"; };
		EF39A8F01E6093D000B186F6 /* ResponseModel.m */ = {isa = PBXFileReference; fileEncoding = 4; lastKnownFileType = sourcecode.c.objc; name = ResponseModel.m; path = Acronym/ResponseModel.m; sourceTree = "<group>"; };
		EF39A8F81E60A45600B186F6 /* Acronym_PrefixHeader.pch */ = {isa = PBXFileReference; fileEncoding = 4; lastKnownFileType = sourcecode.c.h; path = Acronym_PrefixHeader.pch; sourceTree = "<group>"; };
/* End PBXFileReference section */

/* Begin PBXFrameworksBuildPhase section */
		EF39A8A11E5E052500B186F6 /* Frameworks */ = {
			isa = PBXFrameworksBuildPhase;
			buildActionMask = 2147483647;
			files = (
			);
			runOnlyForDeploymentPostprocessing = 0;
		};
/* End PBXFrameworksBuildPhase section */

/* Begin PBXGroup section */
		EF39A89B1E5E052500B186F6 = {
			isa = PBXGroup;
			children = (
				EF39A8F81E60A45600B186F6 /* Acronym_PrefixHeader.pch */,
				EF39A8A61E5E052500B186F6 /* Acronym */,
				EF39A8A51E5E052500B186F6 /* Products */,
			);
			sourceTree = "<group>";
		};
		EF39A8A51E5E052500B186F6 /* Products */ = {
			isa = PBXGroup;
			children = (
				EF39A8A41E5E052500B186F6 /* Acronym.app */,
			);
			name = Products;
			sourceTree = "<group>";
		};
		EF39A8A61E5E052500B186F6 /* Acronym */ = {
			isa = PBXGroup;
			children = (
				EF39A8F21E609EBA00B186F6 /* Model */,
				EF39A8D01E5E262900B186F6 /* NetworkManager */,
				EF39A8AA1E5E052500B186F6 /* AppDelegate.h */,
				EF39A8AB1E5E052500B186F6 /* AppDelegate.m */,
				EF39A8B01E5E052500B186F6 /* Main.storyboard */,
				EF39A8B61E5E052500B186F6 /* Assets.xcassets */,
				EF39A8B81E5E052500B186F6 /* LaunchScreen.storyboard */,
				EF39A8BB1E5E052500B186F6 /* Info.plist */,
				EF39A8B31E5E052500B186F6 /* Acronym.xcdatamodeld */,
				EF39A8A71E5E052500B186F6 /* Supporting Files */,
				EF39A8C61E5E15D900B186F6 /* AcronymViewController.h */,
				EF39A8C71E5E15D900B186F6 /* AcronymViewController.m */,
				EF39A8C81E5E15D900B186F6 /* AcronymViewController.xib */,
			);
			path = Acronym;
			sourceTree = "<group>";
		};
		EF39A8A71E5E052500B186F6 /* Supporting Files */ = {
			isa = PBXGroup;
			children = (
				EF39A8A81E5E052500B186F6 /* main.m */,
			);
			name = "Supporting Files";
			sourceTree = "<group>";
		};
		EF39A8D01E5E262900B186F6 /* NetworkManager */ = {
			isa = PBXGroup;
			children = (
				EF39A8D71E5E267700B186F6 /* AcronymNetworkEngine.h */,
				EF39A8D81E5E267700B186F6 /* AcronymNetworkEngine.m */,
				EF39A8E21E60840300B186F6 /* ANetworkOperation.h */,
				EF39A8E31E60840300B186F6 /* ANetworkOperation.m */,
			);
			path = NetworkManager;
			sourceTree = "<group>";
		};
		EF39A8F21E609EBA00B186F6 /* Model */ = {
			isa = PBXGroup;
			children = (
				EF39A8EF1E6093D000B186F6 /* ResponseModel.h */,
				EF39A8F01E6093D000B186F6 /* ResponseModel.m */,
			);
			name = Model;
			path = ..;
			sourceTree = "<group>";
		};
/* End PBXGroup section */

/* Begin PBXNativeTarget section */
		EF39A8A31E5E052500B186F6 /* Acronym */ = {
			isa = PBXNativeTarget;
			buildConfigurationList = EF39A8BE1E5E052500B186F6 /* Build configuration list for PBXNativeTarget "Acronym" */;
			buildPhases = (
				EF39A8A01E5E052500B186F6 /* Sources */,
				EF39A8A11E5E052500B186F6 /* Frameworks */,
				EF39A8A21E5E052500B186F6 /* Resources */,
			);
			buildRules = (
			);
			dependencies = (
			);
			name = Acronym;
			productName = Acronym;
			productReference = EF39A8A41E5E052500B186F6 /* Acronym.app */;
			productType = "com.apple.product-type.application";
		};
/* End PBXNativeTarget section */

/* Begin PBXProject section */
		EF39A89C1E5E052500B186F6 /* Project object */ = {
			isa = PBXProject;
			attributes = {
				LastUpgradeCheck = 0820;
				ORGANIZATIONNAME = "Tarun Gupta";
				TargetAttributes = {
					EF39A8A31E5E052500B186F6 = {
						CreatedOnToolsVersion = 8.2.1;
						ProvisioningStyle = Automatic;
					};
				};
			};
			buildConfigurationList = EF39A89F1E5E052500B186F6 /* Build configuration list for PBXProject "Acronym" */;
			compatibilityVersion = "Xcode 3.2";
			developmentRegion = English;
			hasScannedForEncodings = 0;
			knownRegions = (
				en,
				Base,
			);
			mainGroup = EF39A89B1E5E052500B186F6;
			productRefGroup = EF39A8A51E5E052500B186F6 /* Products */;
			projectDirPath = "";
			projectRoot = "";
			targets = (
				EF39A8A31E5E052500B186F6 /* Acronym */,
			);
		};
/* End PBXProject section */

/* Begin PBXResourcesBuildPhase section */
		EF39A8A21E5E052500B186F6 /* Resources */ = {
			isa = PBXResourcesBuildPhase;
			buildActionMask = 2147483647;
			files = (
				EF39A8BA1E5E052500B186F6 /* LaunchScreen.storyboard in Resources */,
				EF39A8B71E5E052500B186F6 /* Assets.xcassets in Resources */,
				EF39A8CA1E5E15D900B186F6 /* AcronymViewController.xib in Resources */,
				EF39A8B21E5E052500B186F6 /* Main.storyboard in Resources */,
			);
			runOnlyForDeploymentPostprocessing = 0;
		};
/* End PBXResourcesBuildPhase section */

/* Begin PBXSourcesBuildPhase section */
		EF39A8A01E5E052500B186F6 /* Sources */ = {
			isa = PBXSourcesBuildPhase;
			buildActionMask = 2147483647;
			files = (
				EF39A8B51E5E052500B186F6 /* Acronym.xcdatamodeld in Sources */,
				EF39A8AC1E5E052500B186F6 /* AppDelegate.m in Sources */,
				EF39A8E41E60840300B186F6 /* ANetworkOperation.m in Sources */,
				EF39A8C91E5E15D900B186F6 /* AcronymViewController.m in Sources */,
				EF39A8A91E5E052500B186F6 /* main.m in Sources */,
				EF39A8F11E6093D000B186F6 /* ResponseModel.m in Sources */,
				EF39A8D91E5E267700B186F6 /* AcronymNetworkEngine.m in Sources */,
			);
			runOnlyForDeploymentPostprocessing = 0;
		};
/* End PBXSourcesBuildPhase section */

/* Begin PBXVariantGroup section */
		EF39A8B01E5E052500B186F6 /* Main.storyboard */ = {
			isa = PBXVariantGroup;
			children = (
				EF39A8B11E5E052500B186F6 /* Base */,
			);
			name = Main.storyboard;
			sourceTree = "<group>";
		};
		EF39A8B81E5E052500B186F6 /* LaunchScreen.storyboard */ = {
			isa = PBXVariantGroup;
			children = (
				EF39A8B91E5E052500B186F6 /* Base */,
			);
			name = LaunchScreen.storyboard;
			sourceTree = "<group>";
		};
/* End PBXVariantGroup section */

/* Begin XCBuildConfiguration section */
		EF39A8BC1E5E052500B186F6 /* Debug */ = {
			isa = XCBuildConfiguration;
			buildSettings = {
				ALWAYS_SEARCH_USER_PATHS = NO;
				CLANG_ANALYZER_NONNULL = YES;
				CLANG_CXX_LANGUAGE_STANDARD = "gnu++0x";
				CLANG_CXX_LIBRARY = "libc++";
				CLANG_ENABLE_MODULES = YES;
				CLANG_ENABLE_OBJC_ARC = YES;
				CLANG_WARN_BOOL_CONVERSION = YES;
				CLANG_WARN_CONSTANT_CONVERSION = YES;
				CLANG_WARN_DIRECT_OBJC_ISA_USAGE = YES_ERROR;
				CLANG_WARN_DOCUMENTATION_COMMENTS = YES;
				CLANG_WARN_EMPTY_BODY = YES;
				CLANG_WARN_ENUM_CONVERSION = YES;
				CLANG_WARN_INFINITE_RECURSION = YES;
				CLANG_WARN_INT_CONVERSION = YES;
				CLANG_WARN_OBJC_ROOT_CLASS = YES_ERROR;
				CLANG_WARN_SUSPICIOUS_MOVE = YES;
				CLANG_WARN_UNREACHABLE_CODE = YES;
				CLANG_WARN__DUPLICATE_METHOD_MATCH = YES;
				"CODE_SIGN_IDENTITY[sdk=iphoneos*]" = "iPhone Developer";
				COPY_PHASE_STRIP = NO;
				DEBUG_INFORMATION_FORMAT = dwarf;
				ENABLE_STRICT_OBJC_MSGSEND = YES;
				ENABLE_TESTABILITY = YES;
				GCC_C_LANGUAGE_STANDARD = gnu99;
				GCC_DYNAMIC_NO_PIC = NO;
				GCC_NO_COMMON_BLOCKS = YES;
				GCC_OPTIMIZATION_LEVEL = 0;
				GCC_PREPROCESSOR_DEFINITIONS = (
					"DEBUG=1",
					"$(inherited)",
				);
				GCC_WARN_64_TO_32_BIT_CONVERSION = YES;
				GCC_WARN_ABOUT_RETURN_TYPE = YES_ERROR;
				GCC_WARN_UNDECLARED_SELECTOR = YES;
				GCC_WARN_UNINITIALIZED_AUTOS = YES_AGGRESSIVE;
				GCC_WARN_UNUSED_FUNCTION = YES;
				GCC_WARN_UNUSED_VARIABLE = YES;
				IPHONEOS_DEPLOYMENT_TARGET = 10.2;
				MTL_ENABLE_DEBUG_INFO = YES;
				ONLY_ACTIVE_ARCH = YES;
				SDKROOT = iphoneos;
			};
			name = Debug;
		};
		EF39A8BD1E5E052500B186F6 /* Release */ = {
			isa = XCBuildConfiguration;
			buildSettings = {
				ALWAYS_SEARCH_USER_PATHS = NO;
				CLANG_ANALYZER_NONNULL = YES;
				CLANG_CXX_LANGUAGE_STANDARD = "gnu++0x";
				CLANG_CXX_LIBRARY = "libc++";
				CLANG_ENABLE_MODULES = YES;
				CLANG_ENABLE_OBJC_ARC = YES;
				CLANG_WARN_BOOL_CONVERSION = YES;
				CLANG_WARN_CONSTANT_CONVERSION = YES;
				CLANG_WARN_DIRECT_OBJC_ISA_USAGE = YES_ERROR;
				CLANG_WARN_DOCUMENTATION_COMMENTS = YES;
				CLANG_WARN_EMPTY_BODY = YES;
				CLANG_WARN_ENUM_CONVERSION = YES;
				CLANG_WARN_INFINITE_RECURSION = YES;
				CLANG_WARN_INT_CONVERSION = YES;
				CLANG_WARN_OBJC_ROOT_CLASS = YES_ERROR;
				CLANG_WARN_SUSPICIOUS_MOVE = YES;
				CLANG_WARN_UNREACHABLE_CODE = YES;
				CLANG_WARN__DUPLICATE_METHOD_MATCH = YES;
				"CODE_SIGN_IDENTITY[sdk=iphoneos*]" = "iPhone Developer";
				COPY_PHASE_STRIP = NO;
				DEBUG_INFORMATION_FORMAT = "dwarf-with-dsym";
				ENABLE_NS_ASSERTIONS = NO;
				ENABLE_STRICT_OBJC_MSGSEND = YES;
				GCC_C_LANGUAGE_STANDARD = gnu99;
				GCC_NO_COMMON_BLOCKS = YES;
				GCC_WARN_64_TO_32_BIT_CONVERSION = YES;
				GCC_WARN_ABOUT_RETURN_TYPE = YES_ERROR;
				GCC_WARN_UNDECLARED_SELECTOR = YES;
				GCC_WARN_UNINITIALIZED_AUTOS = YES_AGGRESSIVE;
				GCC_WARN_UNUSED_FUNCTION = YES;
				GCC_WARN_UNUSED_VARIABLE = YES;
				IPHONEOS_DEPLOYMENT_TARGET = 10.2;
				MTL_ENABLE_DEBUG_INFO = NO;
				SDKROOT = iphoneos;
				VALIDATE_PRODUCT = YES;
			};
			name = Release;
		};
		EF39A8BF1E5E052500B186F6 /* Debug */ = {
			isa = XCBuildConfiguration;
			buildSettings = {
				ASSETCATALOG_COMPILER_APPICON_NAME = AppIcon;
				DEVELOPMENT_TEAM = "";
				GCC_PREFIX_HEADER = /Users/tarungupta/Documents/Acronym/Acronym_PrefixHeader.pch;
				INFOPLIST_FILE = Acronym/Info.plist;
				LD_RUNPATH_SEARCH_PATHS = "$(inherited) @executable_path/Frameworks";
				PRODUCT_BUNDLE_IDENTIFIER = "com.something-something.Acronym";
				PRODUCT_NAME = "$(TARGET_NAME)";
			};
			name = Debug;
		};
		EF39A8C01E5E052500B186F6 /* Release */ = {
			isa = XCBuildConfiguration;
			buildSettings = {
				ASSETCATALOG_COMPILER_APPICON_NAME = AppIcon;
				DEVELOPMENT_TEAM = "";
				GCC_PREFIX_HEADER = /Users/tarungupta/Documents/Acronym/Acronym_PrefixHeader.pch;
				INFOPLIST_FILE = Acronym/Info.plist;
				LD_RUNPATH_SEARCH_PATHS = "$(inherited) @executable_path/Frameworks";
				PRODUCT_BUNDLE_IDENTIFIER = "com.something-something.Acronym";
				PRODUCT_NAME = "$(TARGET_NAME)";
			};
			name = Release;
		};
/* End XCBuildConfiguration section */

/* Begin XCConfigurationList section */
		EF39A89F1E5E052500B186F6 /* Build configuration list for PBXProject "Acronym" */ = {
			isa = XCConfigurationList;
			buildConfigurations = (
				EF39A8BC1E5E052500B186F6 /* Debug */,
				EF39A8BD1E5E052500B186F6 /* Release */,
			);
			defaultConfigurationIsVisible = 0;
			defaultConfigurationName = Release;
		};
		EF39A8BE1E5E052500B186F6 /* Build configuration list for PBXNativeTarget "Acronym" */ = {
			isa = XCConfigurationList;
			buildConfigurations = (
				EF39A8BF1E5E052500B186F6 /* Debug */,
				EF39A8C01E5E052500B186F6 /* Release */,
			);
			defaultConfigurationIsVisible = 0;
			defaultConfigurationName = Release;
		};
/* End XCConfigurationList section */

/* Begin XCVersionGroup section */
		EF39A8B31E5E052500B186F6 /* Acronym.xcdatamodeld */ = {
			isa = XCVersionGroup;
			children = (
				EF39A8B41E5E052500B186F6 /* Acronym.xcdatamodel */,
			);
			currentVersion = EF39A8B41E5E052500B186F6 /* Acronym.xcdatamodel */;
			path = Acronym.xcdatamodeld;
			sourceTree = "<group>";
			versionGroupType = wrapper.xcdatamodel;
		};
/* End XCVersionGroup section */
	};
	rootObject = EF39A89C1E5E052500B186F6 /* Project object */;
}
